// !$*UTF8*$!
{
	archiveVersion = 1;
	classes = {
	};
	objectVersion = 56;
	objects = {

/* Begin PBXBuildFile section */
		18167B472BE8C4A6001DE88A /* LandmarkRow.swift in Sources */ = {isa = PBXBuildFile; fileRef = 18167B462BE8C4A6001DE88A /* LandmarkRow.swift */; };
		1842DA542BDA2C71007865C3 /* landmarkData.json in Resources */ = {isa = PBXBuildFile; fileRef = 1842DA532BDA2C71007865C3 /* landmarkData.json */; };
		1842DA562BDA2C8C007865C3 /* Landmark.swift in Sources */ = {isa = PBXBuildFile; fileRef = 1842DA552BDA2C8C007865C3 /* Landmark.swift */; };
		185CF81F2BF20546007E85CA /* LandmarkList.swift in Sources */ = {isa = PBXBuildFile; fileRef = 185CF81E2BF20546007E85CA /* LandmarkList.swift */; };
		185CF8212BF23192007E85CA /* LandmarkDetail.swift in Sources */ = {isa = PBXBuildFile; fileRef = 185CF8202BF23192007E85CA /* LandmarkDetail.swift */; };
		18AA84382BC3CD2D0016E95D /* CircleImage.swift in Sources */ = {isa = PBXBuildFile; fileRef = 18AA84372BC3CD2D0016E95D /* CircleImage.swift */; };
		18AA843A2BC3D9080016E95D /* MapView.swift in Sources */ = {isa = PBXBuildFile; fileRef = 18AA84392BC3D9080016E95D /* MapView.swift */; };
		18D1AC6A2BBEC86100C68323 /* LandmarksApp.swift in Sources */ = {isa = PBXBuildFile; fileRef = 18D1AC692BBEC86100C68323 /* LandmarksApp.swift */; };
		18D1AC6C2BBEC86100C68323 /* ContentView.swift in Sources */ = {isa = PBXBuildFile; fileRef = 18D1AC6B2BBEC86100C68323 /* ContentView.swift */; };
		18D1AC6E2BBEC86200C68323 /* Assets.xcassets in Resources */ = {isa = PBXBuildFile; fileRef = 18D1AC6D2BBEC86200C68323 /* Assets.xcassets */; };
		18D1AC712BBEC86200C68323 /* Preview Assets.xcassets in Resources */ = {isa = PBXBuildFile; fileRef = 18D1AC702BBEC86200C68323 /* Preview Assets.xcassets */; };
		18D95E472BE50488007BD6C3 /* ModelData.swift in Sources */ = {isa = PBXBuildFile; fileRef = 18D95E462BE50488007BD6C3 /* ModelData.swift */; };
/* End PBXBuildFile section */

/* Begin PBXFileReference section */
		18167B462BE8C4A6001DE88A /* LandmarkRow.swift */ = {isa = PBXFileReference; lastKnownFileType = sourcecode.swift; path = LandmarkRow.swift; sourceTree = "<group>"; };
		1842DA532BDA2C71007865C3 /* landmarkData.json */ = {isa = PBXFileReference; fileEncoding = 4; lastKnownFileType = text.json; path = landmarkData.json; sourceTree = "<group>"; };
		1842DA552BDA2C8C007865C3 /* Landmark.swift */ = {isa = PBXFileReference; lastKnownFileType = sourcecode.swift; path = Landmark.swift; sourceTree = "<group>"; };
		185CF81E2BF20546007E85CA /* LandmarkList.swift */ = {isa = PBXFileReference; lastKnownFileType = sourcecode.swift; path = LandmarkList.swift; sourceTree = "<group>"; };
		185CF8202BF23192007E85CA /* LandmarkDetail.swift */ = {isa = PBXFileReference; lastKnownFileType = sourcecode.swift; path = LandmarkDetail.swift; sourceTree = "<group>"; };
		18AA84372BC3CD2D0016E95D /* CircleImage.swift */ = {isa = PBXFileReference; lastKnownFileType = sourcecode.swift; path = CircleImage.swift; sourceTree = "<group>"; };
		18AA84392BC3D9080016E95D /* MapView.swift */ = {isa = PBXFileReference; lastKnownFileType = sourcecode.swift; path = MapView.swift; sourceTree = "<group>"; };
		18D1AC662BBEC86100C68323 /* Landmarks.app */ = {isa = PBXFileReference; explicitFileType = wrapper.application; includeInIndex = 0; path = Landmarks.app; sourceTree = BUILT_PRODUCTS_DIR; };
		18D1AC692BBEC86100C68323 /* LandmarksApp.swift */ = {isa = PBXFileReference; lastKnownFileType = sourcecode.swift; path = LandmarksApp.swift; sourceTree = "<group>"; };
		18D1AC6B2BBEC86100C68323 /* ContentView.swift */ = {isa = PBXFileReference; lastKnownFileType = sourcecode.swift; path = ContentView.swift; sourceTree = "<group>"; };
		18D1AC6D2BBEC86200C68323 /* Assets.xcassets */ = {isa = PBXFileReference; lastKnownFileType = folder.assetcatalog; path = Assets.xcassets; sourceTree = "<group>"; };
		18D1AC702BBEC86200C68323 /* Preview Assets.xcassets */ = {isa = PBXFileReference; lastKnownFileType = folder.assetcatalog; path = "Preview Assets.xcassets"; sourceTree = "<group>"; };
		18D95E462BE50488007BD6C3 /* ModelData.swift */ = {isa = PBXFileReference; lastKnownFileType = sourcecode.swift; path = ModelData.swift; sourceTree = "<group>"; };
/* End PBXFileReference section */

/* Begin PBXFrameworksBuildPhase section */
		18D1AC632BBEC86100C68323 /* Frameworks */ = {
			isa = PBXFrameworksBuildPhase;
			buildActionMask = 2147483647;
			files = (
			);
			runOnlyForDeploymentPostprocessing = 0;
		};
/* End PBXFrameworksBuildPhase section */

/* Begin PBXGroup section */
		18167B432BE8C404001DE88A /* Views */ = {
			isa = PBXGroup;
			children = (
				18D1AC6B2BBEC86100C68323 /* ContentView.swift */,
				18AA84372BC3CD2D0016E95D /* CircleImage.swift */,
				18AA84392BC3D9080016E95D /* MapView.swift */,
				18167B462BE8C4A6001DE88A /* LandmarkRow.swift */,
				185CF81E2BF20546007E85CA /* LandmarkList.swift */,
				185CF8202BF23192007E85CA /* LandmarkDetail.swift */,
			);
			path = Views;
			sourceTree = "<group>";
		};
		18167B442BE8C42E001DE88A /* Model */ = {
			isa = PBXGroup;
			children = (
				1842DA552BDA2C8C007865C3 /* Landmark.swift */,
				18D95E462BE50488007BD6C3 /* ModelData.swift */,
			);
			path = Model;
			sourceTree = "<group>";
		};
		18167B452BE8C438001DE88A /* Resources */ = {
			isa = PBXGroup;
			children = (
				1842DA532BDA2C71007865C3 /* landmarkData.json */,
			);
			path = Resources;
			sourceTree = "<group>";
		};
		18D1AC5D2BBEC86100C68323 = {
			isa = PBXGroup;
			children = (
				18D1AC682BBEC86100C68323 /* Landmarks */,
				18D1AC672BBEC86100C68323 /* Products */,
			);
			sourceTree = "<group>";
		};
		18D1AC672BBEC86100C68323 /* Products */ = {
			isa = PBXGroup;
			children = (
				18D1AC662BBEC86100C68323 /* Landmarks.app */,
			);
			name = Products;
			sourceTree = "<group>";
		};
		18D1AC682BBEC86100C68323 /* Landmarks */ = {
			isa = PBXGroup;
			children = (
				18D1AC692BBEC86100C68323 /* LandmarksApp.swift */,
				18167B432BE8C404001DE88A /* Views */,
				18167B442BE8C42E001DE88A /* Model */,
				18167B452BE8C438001DE88A /* Resources */,
				18D1AC6D2BBEC86200C68323 /* Assets.xcassets */,
				18D1AC6F2BBEC86200C68323 /* Preview Content */,
			);
			path = Landmarks;
			sourceTree = "<group>";
		};
		18D1AC6F2BBEC86200C68323 /* Preview Content */ = {
			isa = PBXGroup;
			children = (
				18D1AC702BBEC86200C68323 /* Preview Assets.xcassets */,
			);
			path = "Preview Content";
			sourceTree = "<group>";
		};
/* End PBXGroup section */

/* Begin PBXNativeTarget section */
		18D1AC652BBEC86100C68323 /* Landmarks */ = {
			isa = PBXNativeTarget;
			buildConfigurationList = 18D1AC742BBEC86200C68323 /* Build configuration list for PBXNativeTarget "Landmarks" */;
			buildPhases = (
				18D1AC622BBEC86100C68323 /* Sources */,
				18D1AC632BBEC86100C68323 /* Frameworks */,
				18D1AC642BBEC86100C68323 /* Resources */,
			);
			buildRules = (
			);
			dependencies = (
			);
			name = Landmarks;
			productName = Landmarks;
			productReference = 18D1AC662BBEC86100C68323 /* Landmarks.app */;
			productType = "com.apple.product-type.application";
		};
/* End PBXNativeTarget section */

/* Begin PBXProject section */
		18D1AC5E2BBEC86100C68323 /* Project object */ = {
			isa = PBXProject;
			attributes = {
				BuildIndependentTargetsInParallel = 1;
				LastSwiftUpdateCheck = 1500;
				LastUpgradeCheck = 1500;
				TargetAttributes = {
					18D1AC652BBEC86100C68323 = {
						CreatedOnToolsVersion = 15.0;
					};
				};
			};
			buildConfigurationList = 18D1AC612BBEC86100C68323 /* Build configuration list for PBXProject "Landmarks" */;
			compatibilityVersion = "Xcode 14.0";
			developmentRegion = en;
			hasScannedForEncodings = 0;
			knownRegions = (
				en,
				Base,
			);
			mainGroup = 18D1AC5D2BBEC86100C68323;
			productRefGroup = 18D1AC672BBEC86100C68323 /* Products */;
			projectDirPath = "";
			projectRoot = "";
			targets = (
				18D1AC652BBEC86100C68323 /* Landmarks */,
			);
		};
/* End PBXProject section */

/* Begin PBXResourcesBuildPhase section */
		18D1AC642BBEC86100C68323 /* Resources */ = {
			isa = PBXResourcesBuildPhase;
			buildActionMask = 2147483647;
			files = (
				18D1AC712BBEC86200C68323 /* Preview Assets.xcassets in Resources */,
				18D1AC6E2BBEC86200C68323 /* Assets.xcassets in Resources */,
				1842DA542BDA2C71007865C3 /* landmarkData.json in Resources */,
			);
			runOnlyForDeploymentPostprocessing = 0;
		};
/* End PBXResourcesBuildPhase section */

/* Begin PBXSourcesBuildPhase section */
		18D1AC622BBEC86100C68323 /* Sources */ = {
			isa = PBXSourcesBuildPhase;
			buildActionMask = 2147483647;
			files = (
				18D1AC6C2BBEC86100C68323 /* ContentView.swift in Sources */,
				18AA843A2BC3D9080016E95D /* MapView.swift in Sources */,
				18D1AC6A2BBEC86100C68323 /* LandmarksApp.swift in Sources */,
				185CF81F2BF20546007E85CA /* LandmarkList.swift in Sources */,
				185CF8212BF23192007E85CA /* LandmarkDetail.swift in Sources */,
				18AA84382BC3CD2D0016E95D /* CircleImage.swift in Sources */,
				1842DA562BDA2C8C007865C3 /* Landmark.swift in Sources */,
				18167B472BE8C4A6001DE88A /* LandmarkRow.swift in Sources */,
				18D95E472BE50488007BD6C3 /* ModelData.swift in Sources */,
			);
			runOnlyForDeploymentPostprocessing = 0;
		};
/* End PBXSourcesBuildPhase section */

/* Begin XCBuildConfiguration section */
		18D1AC722BBEC86200C68323 /* Debug */ = {
			isa = XCBuildConfiguration;
			buildSettings = {
				ALWAYS_SEARCH_USER_PATHS = NO;
				ASSETCATALOG_COMPILER_GENERATE_SWIFT_ASSET_SYMBOL_EXTENSIONS = YES;
				CLANG_ANALYZER_NONNULL = YES;
				CLANG_ANALYZER_NUMBER_OBJECT_CONVERSION = YES_AGGRESSIVE;
				CLANG_CXX_LANGUAGE_STANDARD = "gnu++20";
				CLANG_ENABLE_MODULES = YES;
				CLANG_ENABLE_OBJC_ARC = YES;
				CLANG_ENABLE_OBJC_WEAK = YES;
				CLANG_WARN_BLOCK_CAPTURE_AUTORELEASING = YES;
				CLANG_WARN_BOOL_CONVERSION = YES;
				CLANG_WARN_COMMA = YES;
				CLANG_WARN_CONSTANT_CONVERSION = YES;
				CLANG_WARN_DEPRECATED_OBJC_IMPLEMENTATIONS = YES;
				CLANG_WARN_DIRECT_OBJC_ISA_USAGE = YES_ERROR;
				CLANG_WARN_DOCUMENTATION_COMMENTS = YES;
				CLANG_WARN_EMPTY_BODY = YES;
				CLANG_WARN_ENUM_CONVERSION = YES;
				CLANG_WARN_INFINITE_RECURSION = YES;
				CLANG_WARN_INT_CONVERSION = YES;
				CLANG_WARN_NON_LITERAL_NULL_CONVERSION = YES;
				CLANG_WARN_OBJC_IMPLICIT_RETAIN_SELF = YES;
				CLANG_WARN_OBJC_LITERAL_CONVERSION = YES;
				CLANG_WARN_OBJC_ROOT_CLASS = YES_ERROR;
				CLANG_WARN_QUOTED_INCLUDE_IN_FRAMEWORK_HEADER = YES;
				CLANG_WARN_RANGE_LOOP_ANALYSIS = YES;
				CLANG_WARN_STRICT_PROTOTYPES = YES;
				CLANG_WARN_SUSPICIOUS_MOVE = YES;
				CLANG_WARN_UNGUARDED_AVAILABILITY = YES_AGGRESSIVE;
				CLANG_WARN_UNREACHABLE_CODE = YES;
				CLANG_WARN__DUPLICATE_METHOD_MATCH = YES;
				COPY_PHASE_STRIP = NO;
				DEBUG_INFORMATION_FORMAT = dwarf;
				ENABLE_STRICT_OBJC_MSGSEND = YES;
				ENABLE_TESTABILITY = YES;
				ENABLE_USER_SCRIPT_SANDBOXING = YES;
				GCC_C_LANGUAGE_STANDARD = gnu17;
				GCC_DYNAMIC_NO_PIC = NO;
				GCC_NO_COMMON_BLOCKS = YES;
				GCC_OPTIMIZATION_LEVEL = 0;
				GCC_PREPROCESSOR_DEFINITIONS = (
					"DEBUG=1",
					"$(inherited)",
				);
				GCC_WARN_64_TO_32_BIT_CONVERSION = YES;
				GCC_WARN_ABOUT_RETURN_TYPE = YES_ERROR;
				GCC_WARN_UNDECLARED_SELECTOR = YES;
				GCC_WARN_UNINITIALIZED_AUTOS = YES_AGGRESSIVE;
				GCC_WARN_UNUSED_FUNCTION = YES;
				GCC_WARN_UNUSED_VARIABLE = YES;
				IPHONEOS_DEPLOYMENT_TARGET = 17.0;
				LOCALIZATION_PREFERS_STRING_CATALOGS = YES;
				MTL_ENABLE_DEBUG_INFO = INCLUDE_SOURCE;
				MTL_FAST_MATH = YES;
				ONLY_ACTIVE_ARCH = YES;
				SDKROOT = iphoneos;
				SWIFT_ACTIVE_COMPILATION_CONDITIONS = "DEBUG $(inherited)";
				SWIFT_OPTIMIZATION_LEVEL = "-Onone";
			};
			name = Debug;
		};
		18D1AC732BBEC86200C68323 /* Release */ = {
			isa = XCBuildConfiguration;
			buildSettings = {
				ALWAYS_SEARCH_USER_PATHS = NO;
				ASSETCATALOG_COMPILER_GENERATE_SWIFT_ASSET_SYMBOL_EXTENSIONS = YES;
				CLANG_ANALYZER_NONNULL = YES;
				CLANG_ANALYZER_NUMBER_OBJECT_CONVERSION = YES_AGGRESSIVE;
				CLANG_CXX_LANGUAGE_STANDARD = "gnu++20";
				CLANG_ENABLE_MODULES = YES;
				CLANG_ENABLE_OBJC_ARC = YES;
				CLANG_ENABLE_OBJC_WEAK = YES;
				CLANG_WARN_BLOCK_CAPTURE_AUTORELEASING = YES;
				CLANG_WARN_BOOL_CONVERSION = YES;
				CLANG_WARN_COMMA = YES;
				CLANG_WARN_CONSTANT_CONVERSION = YES;
				CLANG_WARN_DEPRECATED_OBJC_IMPLEMENTATIONS = YES;
				CLANG_WARN_DIRECT_OBJC_ISA_USAGE = YES_ERROR;
				CLANG_WARN_DOCUMENTATION_COMMENTS = YES;
				CLANG_WARN_EMPTY_BODY = YES;
				CLANG_WARN_ENUM_CONVERSION = YES;
				CLANG_WARN_INFINITE_RECURSION = YES;
				CLANG_WARN_INT_CONVERSION = YES;
				CLANG_WARN_NON_LITERAL_NULL_CONVERSION = YES;
				CLANG_WARN_OBJC_IMPLICIT_RETAIN_SELF = YES;
				CLANG_WARN_OBJC_LITERAL_CONVERSION = YES;
				CLANG_WARN_OBJC_ROOT_CLASS = YES_ERROR;
				CLANG_WARN_QUOTED_INCLUDE_IN_FRAMEWORK_HEADER = YES;
				CLANG_WARN_RANGE_LOOP_ANALYSIS = YES;
				CLANG_WARN_STRICT_PROTOTYPES = YES;
				CLANG_WARN_SUSPICIOUS_MOVE = YES;
				CLANG_WARN_UNGUARDED_AVAILABILITY = YES_AGGRESSIVE;
				CLANG_WARN_UNREACHABLE_CODE = YES;
				CLANG_WARN__DUPLICATE_METHOD_MATCH = YES;
				COPY_PHASE_STRIP = NO;
				DEBUG_INFORMATION_FORMAT = "dwarf-with-dsym";
				ENABLE_NS_ASSERTIONS = NO;
				ENABLE_STRICT_OBJC_MSGSEND = YES;
				ENABLE_USER_SCRIPT_SANDBOXING = YES;
				GCC_C_LANGUAGE_STANDARD = gnu17;
				GCC_NO_COMMON_BLOCKS = YES;
				GCC_WARN_64_TO_32_BIT_CONVERSION = YES;
				GCC_WARN_ABOUT_RETURN_TYPE = YES_ERROR;
				GCC_WARN_UNDECLARED_SELECTOR = YES;
				GCC_WARN_UNINITIALIZED_AUTOS = YES_AGGRESSIVE;
				GCC_WARN_UNUSED_FUNCTION = YES;
				GCC_WARN_UNUSED_VARIABLE = YES;
				IPHONEOS_DEPLOYMENT_TARGET = 17.0;
				LOCALIZATION_PREFERS_STRING_CATALOGS = YES;
				MTL_ENABLE_DEBUG_INFO = NO;
				MTL_FAST_MATH = YES;
				SDKROOT = iphoneos;
				SWIFT_COMPILATION_MODE = wholemodule;
				VALIDATE_PRODUCT = YES;
			};
			name = Release;
		};
		18D1AC752BBEC86200C68323 /* Debug */ = {
			isa = XCBuildConfiguration;
			buildSettings = {
				ASSETCATALOG_COMPILER_APPICON_NAME = AppIcon;
				ASSETCATALOG_COMPILER_GLOBAL_ACCENT_COLOR_NAME = AccentColor;
				CODE_SIGN_STYLE = Automatic;
				CURRENT_PROJECT_VERSION = 1;
				DEVELOPMENT_ASSET_PATHS = "\"Landmarks/Preview Content\"";
				ENABLE_PREVIEWS = YES;
				GENERATE_INFOPLIST_FILE = YES;
				INFOPLIST_KEY_UIApplicationSceneManifest_Generation = YES;
				INFOPLIST_KEY_UIApplicationSupportsIndirectInputEvents = YES;
				INFOPLIST_KEY_UILaunchScreen_Generation = YES;
				INFOPLIST_KEY_UISupportedInterfaceOrientations_iPad = "UIInterfaceOrientationPortrait UIInterfaceOrientationPortraitUpsideDown UIInterfaceOrientationLandscapeLeft UIInterfaceOrientationLandscapeRight";
				INFOPLIST_KEY_UISupportedInterfaceOrientations_iPhone = "UIInterfaceOrientationPortrait UIInterfaceOrientationLandscapeLeft UIInterfaceOrientationLandscapeRight";
				LD_RUNPATH_SEARCH_PATHS = (
					"$(inherited)",
					"@executable_path/Frameworks",
				);
				MARKETING_VERSION = 1.0;
				PRODUCT_BUNDLE_IDENTIFIER = net.sportzinteractive.Landmarks;
				PRODUCT_NAME = "$(TARGET_NAME)";
				SWIFT_EMIT_LOC_STRINGS = YES;
				SWIFT_VERSION = 5.0;
				TARGETED_DEVICE_FAMILY = "1,2";
			};
			name = Debug;
		};
		18D1AC762BBEC86200C68323 /* Release */ = {
			isa = XCBuildConfiguration;
			buildSettings = {
				ASSETCATALOG_COMPILER_APPICON_NAME = AppIcon;
				ASSETCATALOG_COMPILER_GLOBAL_ACCENT_COLOR_NAME = AccentColor;
				CODE_SIGN_STYLE = Automatic;
				CURRENT_PROJECT_VERSION = 1;
				DEVELOPMENT_ASSET_PATHS = "\"Landmarks/Preview Content\"";
				ENABLE_PREVIEWS = YES;
				GENERATE_INFOPLIST_FILE = YES;
				INFOPLIST_KEY_UIApplicationSceneManifest_Generation = YES;
				INFOPLIST_KEY_UIApplicationSupportsIndirectInputEvents = YES;
				INFOPLIST_KEY_UILaunchScreen_Generation = YES;
				INFOPLIST_KEY_UISupportedInterfaceOrientations_iPad = "UIInterfaceOrientationPortrait UIInterfaceOrientationPortraitUpsideDown UIInterfaceOrientationLandscapeLeft UIInterfaceOrientationLandscapeRight";
				INFOPLIST_KEY_UISupportedInterfaceOrientations_iPhone = "UIInterfaceOrientationPortrait UIInterfaceOrientationLandscapeLeft UIInterfaceOrientationLandscapeRight";
				LD_RUNPATH_SEARCH_PATHS = (
					"$(inherited)",
					"@executable_path/Frameworks",
				);
				MARKETING_VERSION = 1.0;
				PRODUCT_BUNDLE_IDENTIFIER = net.sportzinteractive.Landmarks;
				PRODUCT_NAME = "$(TARGET_NAME)";
				SWIFT_EMIT_LOC_STRINGS = YES;
				SWIFT_VERSION = 5.0;
				TARGETED_DEVICE_FAMILY = "1,2";
			};
			name = Release;
		};
/* End XCBuildConfiguration section */

/* Begin XCConfigurationList section */
		18D1AC612BBEC86100C68323 /* Build configuration list for PBXProject "Landmarks" */ = {
			isa = XCConfigurationList;
			buildConfigurations = (
				18D1AC722BBEC86200C68323 /* Debug */,
				18D1AC732BBEC86200C68323 /* Release */,
			);
			defaultConfigurationIsVisible = 0;
			defaultConfigurationName = Release;
		};
		18D1AC742BBEC86200C68323 /* Build configuration list for PBXNativeTarget "Landmarks" */ = {
			isa = XCConfigurationList;
			buildConfigurations = (
				18D1AC752BBEC86200C68323 /* Debug */,
				18D1AC762BBEC86200C68323 /* Release */,
			);
			defaultConfigurationIsVisible = 0;
			defaultConfigurationName = Release;
		};
/* End XCConfigurationList section */
	};
	rootObject = 18D1AC5E2BBEC86100C68323 /* Project object */;
}
